
Microsoft Visual Studio Solution File, Format Version 12.00
# Visual Studio Version 16
VisualStudioVersion = 16.0.33801.447
MinimumVisualStudioVersion = 10.0.40219.1
Project("{FAE04EC0-301F-11D3-BF4B-00C04F79EFBC}") = "NidhiBookStore", "NidhiBookStore\NidhiBookStore.csproj", "{5B1DAC6B-7917-483C-BE0A-198E1FD71FA2}"
EndProject
Global
	GlobalSection(SolutionConfigurationPlatforms) = preSolution
		Debug|Any CPU = Debug|Any CPU
		Release|Any CPU = Release|Any CPU
	EndGlobalSection
	GlobalSection(ProjectConfigurationPlatforms) = postSolution
		{5B1DAC6B-7917-483C-BE0A-198E1FD71FA2}.Debug|Any CPU.ActiveCfg = Debug|Any CPU
		{5B1DAC6B-7917-483C-BE0A-198E1FD71FA2}.Debug|Any CPU.Build.0 = Debug|Any CPU
		{5B1DAC6B-7917-483C-BE0A-198E1FD71FA2}.Release|Any CPU.ActiveCfg = Release|Any CPU
		{5B1DAC6B-7917-483C-BE0A-198E1FD71FA2}.Release|Any CPU.Build.0 = Release|Any CPU
	EndGlobalSection
	GlobalSection(SolutionProperties) = preSolution
		HideSolutionNode = FALSE
	EndGlobalSection
	GlobalSection(ExtensibilityGlobals) = postSolution
		SolutionGuid = {EF43607B-DEA6-4AC6-AB4E-57D7B67B8E95}
	EndGlobalSection
EndGlobal
